
Microsoft Visual Studio Solution File, Format Version 12.00
# Visual Studio Version 16
VisualStudioVersion = 16.0.31129.286
MinimumVisualStudioVersion = 10.0.40219.1
Project("{FAE04EC0-301F-11D3-BF4B-00C04F79EFBC}") = "Csharp1", "Csharp1\Csharp1.csproj", "{BF5DB532-BD20-4B1F-9404-D066C2BC543A}"
EndProject
Global
	GlobalSection(SolutionConfigurationPlatforms) = preSolution
		Debug|Any CPU = Debug|Any CPU
		Release|Any CPU = Release|Any CPU
	EndGlobalSection
	GlobalSection(ProjectConfigurationPlatforms) = postSolution
		{BF5DB532-BD20-4B1F-9404-D066C2BC543A}.Debug|Any CPU.ActiveCfg = Debug|Any CPU
		{BF5DB532-BD20-4B1F-9404-D066C2BC543A}.Debug|Any CPU.Build.0 = Debug|Any CPU
		{BF5DB532-BD20-4B1F-9404-D066C2BC543A}.Release|Any CPU.ActiveCfg = Release|Any CPU
		{BF5DB532-BD20-4B1F-9404-D066C2BC543A}.Release|Any CPU.Build.0 = Release|Any CPU
	EndGlobalSection
	GlobalSection(SolutionProperties) = preSolution
		HideSolutionNode = FALSE
	EndGlobalSection
	GlobalSection(ExtensibilityGlobals) = postSolution
		SolutionGuid = {19B5B15B-290F-4948-824D-95FAFB2FC30C}
	EndGlobalSection
EndGlobal
